
Microsoft Visual Studio Solution File, Format Version 12.00
# Visual Studio Version 17
VisualStudioVersion = 17.5.002.0
MinimumVisualStudioVersion = 10.0.40219.1
Project("{9A19103F-16F7-4668-BE54-9A1E7A4F7556}") = "WooW.SB", "WooW.SB.csproj", "{500987FE-BEE1-4E3C-A7EA-8679B92DB19E}"
EndProject
Project("{9A19103F-16F7-4668-BE54-9A1E7A4F7556}") = "WooW.SB.UI", "..\WooW.SB.UI\WooW.SB.UI.csproj", "{BFD264C9-E156-43F5-B0E7-E88746BE24BF}"
EndProject
Project("{9A19103F-16F7-4668-BE54-9A1E7A4F7556}") = "WooW.SB.Config", "..\WooW.SB.Config\WooW.SB.Config.csproj", "{33A17E62-2922-476D-955D-CD4A2B059C11}"
EndProject
Global
	GlobalSection(SolutionConfigurationPlatforms) = preSolution
		Debug|Any CPU = Debug|Any CPU
		Release|Any CPU = Release|Any CPU
	EndGlobalSection
	GlobalSection(ProjectConfigurationPlatforms) = postSolution
		{500987FE-BEE1-4E3C-A7EA-8679B92DB19E}.Debug|Any CPU.ActiveCfg = Debug|Any CPU
		{500987FE-BEE1-4E3C-A7EA-8679B92DB19E}.Debug|Any CPU.Build.0 = Debug|Any CPU
		{500987FE-BEE1-4E3C-A7EA-8679B92DB19E}.Release|Any CPU.ActiveCfg = Release|Any CPU
		{500987FE-BEE1-4E3C-A7EA-8679B92DB19E}.Release|Any CPU.Build.0 = Release|Any CPU
		{BFD264C9-E156-43F5-B0E7-E88746BE24BF}.Debug|Any CPU.ActiveCfg = Debug|Any CPU
		{BFD264C9-E156-43F5-B0E7-E88746BE24BF}.Debug|Any CPU.Build.0 = Debug|Any CPU
		{BFD264C9-E156-43F5-B0E7-E88746BE24BF}.Release|Any CPU.ActiveCfg = Release|Any CPU
		{BFD264C9-E156-43F5-B0E7-E88746BE24BF}.Release|Any CPU.Build.0 = Release|Any CPU
		{33A17E62-2922-476D-955D-CD4A2B059C11}.Debug|Any CPU.ActiveCfg = Debug|Any CPU
		{33A17E62-2922-476D-955D-CD4A2B059C11}.Debug|Any CPU.Build.0 = Debug|Any CPU
		{33A17E62-2922-476D-955D-CD4A2B059C11}.Release|Any CPU.ActiveCfg = Release|Any CPU
		{33A17E62-2922-476D-955D-CD4A2B059C11}.Release|Any CPU.Build.0 = Release|Any CPU
	EndGlobalSection
	GlobalSection(SolutionProperties) = preSolution
		HideSolutionNode = FALSE
	EndGlobalSection
	GlobalSection(ExtensibilityGlobals) = postSolution
		SolutionGuid = {4455BD5D-112E-4573-8B39-D2EA8B1105E3}
	EndGlobalSection
EndGlobal
